// !$*UTF8*$!
{
	archiveVersion = 1;
	classes = {
	};
	objectVersion = 46;
	objects = {

/* Begin PBXBuildFile section */
		0D26DBA41DC1A62900F20CB2 /* NSObject+DLIntrospection.m in Sources */ = {isa = PBXBuildFile; fileRef = 0D26DB9F1DC1A62900F20CB2 /* NSObject+DLIntrospection.m */; };
		0D26DBA51DC1A62900F20CB2 /* NSURL+XWStartCallConvertible.m in Sources */ = {isa = PBXBuildFile; fileRef = 0D26DBA11DC1A62900F20CB2 /* NSURL+XWStartCallConvertible.m */; };
		0D26DBA61DC1A62900F20CB2 /* NSUserActivity+XWExt.m in Sources */ = {isa = PBXBuildFile; fileRef = 0D26DBA31DC1A62900F20CB2 /* NSUserActivity+XWExt.m */; };
		0D441FC11DA7868F00F80421 /* logo.png in Resources */ = {isa = PBXBuildFile; fileRef = 0D441FC01DA7868F00F80421 /* logo.png */; };
		0DC611DC1DA6959F00972DF4 /* main.m in Sources */ = {isa = PBXBuildFile; fileRef = 0DC611DB1DA6959F00972DF4 /* main.m */; };
		0DC611DF1DA6959F00972DF4 /* AppDelegate.m in Sources */ = {isa = PBXBuildFile; fileRef = 0DC611DE1DA6959F00972DF4 /* AppDelegate.m */; };
		0DC611E21DA6959F00972DF4 /* ViewController.m in Sources */ = {isa = PBXBuildFile; fileRef = 0DC611E11DA6959F00972DF4 /* ViewController.m */; };
		0DC611E51DA6959F00972DF4 /* Main.storyboard in Resources */ = {isa = PBXBuildFile; fileRef = 0DC611E31DA6959F00972DF4 /* Main.storyboard */; };
		0DC611E71DA6959F00972DF4 /* Assets.xcassets in Resources */ = {isa = PBXBuildFile; fileRef = 0DC611E61DA6959F00972DF4 /* Assets.xcassets */; };
		0DC611EA1DA6959F00972DF4 /* LaunchScreen.storyboard in Resources */ = {isa = PBXBuildFile; fileRef = 0DC611E81DA6959F00972DF4 /* LaunchScreen.storyboard */; };
		0DC611F51DA6959F00972DF4 /* XWCallKitDemoTests.m in Sources */ = {isa = PBXBuildFile; fileRef = 0DC611F41DA6959F00972DF4 /* XWCallKitDemoTests.m */; };
		0DC612001DA6959F00972DF4 /* XWCallKitDemoUITests.m in Sources */ = {isa = PBXBuildFile; fileRef = 0DC611FF1DA6959F00972DF4 /* XWCallKitDemoUITests.m */; };
		0DC612121DA69F4200972DF4 /* XWCallKitCenter.m in Sources */ = {isa = PBXBuildFile; fileRef = 0DC612111DA69F4200972DF4 /* XWCallKitCenter.m */; };
		0DC6121F1DA6A48C00972DF4 /* AudioController.mm in Sources */ = {isa = PBXBuildFile; fileRef = 0DC612151DA6A48C00972DF4 /* AudioController.mm */; settings = {COMPILER_FLAGS = "-fno-objc-arc"; }; };
		0DC612201DA6A48C00972DF4 /* CADebugMacros.cpp in Sources */ = {isa = PBXBuildFile; fileRef = 0DC612161DA6A48C00972DF4 /* CADebugMacros.cpp */; settings = {COMPILER_FLAGS = "-fno-objc-arc"; }; };
		0DC612211DA6A48C00972DF4 /* CallAudio.m in Sources */ = {isa = PBXBuildFile; fileRef = 0DC612191DA6A48C00972DF4 /* CallAudio.m */; };
		0DC612221DA6A48C00972DF4 /* CAStreamBasicDescription.cpp in Sources */ = {isa = PBXBuildFile; fileRef = 0DC6121B1DA6A48C00972DF4 /* CAStreamBasicDescription.cpp */; settings = {COMPILER_FLAGS = "-fno-objc-arc"; }; };
		0DC612231DA6A48C00972DF4 /* CAXException.cpp in Sources */ = {isa = PBXBuildFile; fileRef = 0DC6121D1DA6A48C00972DF4 /* CAXException.cpp */; settings = {COMPILER_FLAGS = "-fno-objc-arc"; }; };
/* End PBXBuildFile section */

/* Begin PBXContainerItemProxy section */
		0DC611F11DA6959F00972DF4 /* PBXContainerItemProxy */ = {
			isa = PBXContainerItemProxy;
			containerPortal = 0DC611CF1DA6959F00972DF4 /* Project object */;
			proxyType = 1;
			remoteGlobalIDString = 0DC611D61DA6959F00972DF4;
			remoteInfo = XWCallKitDemo;
		};
		0DC611FC1DA6959F00972DF4 /* PBXContainerItemProxy */ = {
			isa = PBXContainerItemProxy;
			containerPortal = 0DC611CF1DA6959F00972DF4 /* Project object */;
			proxyType = 1;
			remoteGlobalIDString = 0DC611D61DA6959F00972DF4;
			remoteInfo = XWCallKitDemo;
		};
/* End PBXContainerItemProxy section */

/* Begin PBXFileReference section */
		0D26DB9E1DC1A62900F20CB2 /* NSObject+DLIntrospection.h */ = {isa = PBXFileReference; fileEncoding = 4; lastKnownFileType = sourcecode.c.h; path = "NSObject+DLIntrospection.h"; sourceTree = "<group>"; };
		0D26DB9F1DC1A62900F20CB2 /* NSObject+DLIntrospection.m */ = {isa = PBXFileReference; fileEncoding = 4; lastKnownFileType = sourcecode.c.objc; path = "NSObject+DLIntrospection.m"; sourceTree = "<group>"; };
		0D26DBA01DC1A62900F20CB2 /* NSURL+XWStartCallConvertible.h */ = {isa = PBXFileReference; fileEncoding = 4; lastKnownFileType = sourcecode.c.h; path = "NSURL+XWStartCallConvertible.h"; sourceTree = "<group>"; };
		0D26DBA11DC1A62900F20CB2 /* NSURL+XWStartCallConvertible.m */ = {isa = PBXFileReference; fileEncoding = 4; lastKnownFileType = sourcecode.c.objc; path = "NSURL+XWStartCallConvertible.m"; sourceTree = "<group>"; };
		0D26DBA21DC1A62900F20CB2 /* NSUserActivity+XWExt.h */ = {isa = PBXFileReference; fileEncoding = 4; lastKnownFileType = sourcecode.c.h; path = "NSUserActivity+XWExt.h"; sourceTree = "<group>"; };
		0D26DBA31DC1A62900F20CB2 /* NSUserActivity+XWExt.m */ = {isa = PBXFileReference; fileEncoding = 4; lastKnownFileType = sourcecode.c.objc; path = "NSUserActivity+XWExt.m"; sourceTree = "<group>"; };
		0D441FC01DA7868F00F80421 /* logo.png */ = {isa = PBXFileReference; lastKnownFileType = image.png; path = logo.png; sourceTree = "<group>"; };
		0DC611D71DA6959F00972DF4 /* XWCallKitDemo.app */ = {isa = PBXFileReference; explicitFileType = wrapper.application; includeInIndex = 0; path = XWCallKitDemo.app; sourceTree = BUILT_PRODUCTS_DIR; };
		0DC611DB1DA6959F00972DF4 /* main.m */ = {isa = PBXFileReference; lastKnownFileType = sourcecode.c.objc; path = main.m; sourceTree = "<group>"; };
		0DC611DD1DA6959F00972DF4 /* AppDelegate.h */ = {isa = PBXFileReference; lastKnownFileType = sourcecode.c.h; path = AppDelegate.h; sourceTree = "<group>"; };
		0DC611DE1DA6959F00972DF4 /* AppDelegate.m */ = {isa = PBXFileReference; lastKnownFileType = sourcecode.c.objc; path = AppDelegate.m; sourceTree = "<group>"; };
		0DC611E01DA6959F00972DF4 /* ViewController.h */ = {isa = PBXFileReference; lastKnownFileType = sourcecode.c.h; path = ViewController.h; sourceTree = "<group>"; };
		0DC611E11DA6959F00972DF4 /* ViewController.m */ = {isa = PBXFileReference; lastKnownFileType = sourcecode.c.objc; path = ViewController.m; sourceTree = "<group>"; };
		0DC611E41DA6959F00972DF4 /* Base */ = {isa = PBXFileReference; lastKnownFileType = file.storyboard; name = Base; path = Base.lproj/Main.storyboard; sourceTree = "<group>"; };
		0DC611E61DA6959F00972DF4 /* Assets.xcassets */ = {isa = PBXFileReference; lastKnownFileType = folder.assetcatalog; path = Assets.xcassets; sourceTree = "<group>"; };
		0DC611E91DA6959F00972DF4 /* Base */ = {isa = PBXFileReference; lastKnownFileType = file.storyboard; name = Base; path = Base.lproj/LaunchScreen.storyboard; sourceTree = "<group>"; };
		0DC611EB1DA6959F00972DF4 /* Info.plist */ = {isa = PBXFileReference; lastKnownFileType = text.plist.xml; path = Info.plist; sourceTree = "<group>"; };
		0DC611F01DA6959F00972DF4 /* XWCallKitDemoTests.xctest */ = {isa = PBXFileReference; explicitFileType = wrapper.cfbundle; includeInIndex = 0; path = XWCallKitDemoTests.xctest; sourceTree = BUILT_PRODUCTS_DIR; };
		0DC611F41DA6959F00972DF4 /* XWCallKitDemoTests.m */ = {isa = PBXFileReference; lastKnownFileType = sourcecode.c.objc; path = XWCallKitDemoTests.m; sourceTree = "<group>"; };
		0DC611F61DA6959F00972DF4 /* Info.plist */ = {isa = PBXFileReference; lastKnownFileType = text.plist.xml; path = Info.plist; sourceTree = "<group>"; };
		0DC611FB1DA6959F00972DF4 /* XWCallKitDemoUITests.xctest */ = {isa = PBXFileReference; explicitFileType = wrapper.cfbundle; includeInIndex = 0; path = XWCallKitDemoUITests.xctest; sourceTree = BUILT_PRODUCTS_DIR; };
		0DC611FF1DA6959F00972DF4 /* XWCallKitDemoUITests.m */ = {isa = PBXFileReference; lastKnownFileType = sourcecode.c.objc; path = XWCallKitDemoUITests.m; sourceTree = "<group>"; };
		0DC612011DA6959F00972DF4 /* Info.plist */ = {isa = PBXFileReference; lastKnownFileType = text.plist.xml; path = Info.plist; sourceTree = "<group>"; };
		0DC612101DA69F4200972DF4 /* XWCallKitCenter.h */ = {isa = PBXFileReference; fileEncoding = 4; lastKnownFileType = sourcecode.c.h; path = XWCallKitCenter.h; sourceTree = "<group>"; };
		0DC612111DA69F4200972DF4 /* XWCallKitCenter.m */ = {isa = PBXFileReference; fileEncoding = 4; lastKnownFileType = sourcecode.c.objc; path = XWCallKitCenter.m; sourceTree = "<group>"; };
		0DC612141DA6A48C00972DF4 /* AudioController.h */ = {isa = PBXFileReference; fileEncoding = 4; lastKnownFileType = sourcecode.c.h; path = AudioController.h; sourceTree = "<group>"; };
		0DC612151DA6A48C00972DF4 /* AudioController.mm */ = {isa = PBXFileReference; fileEncoding = 4; lastKnownFileType = sourcecode.cpp.objcpp; path = AudioController.mm; sourceTree = "<group>"; };
		0DC612161DA6A48C00972DF4 /* CADebugMacros.cpp */ = {isa = PBXFileReference; fileEncoding = 4; lastKnownFileType = sourcecode.cpp.cpp; path = CADebugMacros.cpp; sourceTree = "<group>"; };
		0DC612171DA6A48C00972DF4 /* CADebugMacros.h */ = {isa = PBXFileReference; fileEncoding = 4; lastKnownFileType = sourcecode.c.h; path = CADebugMacros.h; sourceTree = "<group>"; };
		0DC612181DA6A48C00972DF4 /* CallAudio.h */ = {isa = PBXFileReference; fileEncoding = 4; lastKnownFileType = sourcecode.c.h; path = CallAudio.h; sourceTree = "<group>"; };
		0DC612191DA6A48C00972DF4 /* CallAudio.m */ = {isa = PBXFileReference; fileEncoding = 4; lastKnownFileType = sourcecode.c.objc; path = CallAudio.m; sourceTree = "<group>"; };
		0DC6121A1DA6A48C00972DF4 /* CAMath.h */ = {isa = PBXFileReference; fileEncoding = 4; lastKnownFileType = sourcecode.c.h; path = CAMath.h; sourceTree = "<group>"; };
		0DC6121B1DA6A48C00972DF4 /* CAStreamBasicDescription.cpp */ = {isa = PBXFileReference; fileEncoding = 4; lastKnownFileType = sourcecode.cpp.cpp; path = CAStreamBasicDescription.cpp; sourceTree = "<group>"; };
		0DC6121C1DA6A48C00972DF4 /* CAStreamBasicDescription.h */ = {isa = PBXFileReference; fileEncoding = 4; lastKnownFileType = sourcecode.c.h; path = CAStreamBasicDescription.h; sourceTree = "<group>"; };
		0DC6121D1DA6A48C00972DF4 /* CAXException.cpp */ = {isa = PBXFileReference; fileEncoding = 4; lastKnownFileType = sourcecode.cpp.cpp; path = CAXException.cpp; sourceTree = "<group>"; };
		0DC6121E1DA6A48C00972DF4 /* CAXException.h */ = {isa = PBXFileReference; fileEncoding = 4; lastKnownFileType = sourcecode.c.h; path = CAXException.h; sourceTree = "<group>"; };
/* End PBXFileReference section */

/* Begin PBXFrameworksBuildPhase section */
		0DC611D41DA6959F00972DF4 /* Frameworks */ = {
			isa = PBXFrameworksBuildPhase;
			buildActionMask = 2147483647;
			files = (
			);
			runOnlyForDeploymentPostprocessing = 0;
		};
		0DC611ED1DA6959F00972DF4 /* Frameworks */ = {
			isa = PBXFrameworksBuildPhase;
			buildActionMask = 2147483647;
			files = (
			);
			runOnlyForDeploymentPostprocessing = 0;
		};
		0DC611F81DA6959F00972DF4 /* Frameworks */ = {
			isa = PBXFrameworksBuildPhase;
			buildActionMask = 2147483647;
			files = (
			);
			runOnlyForDeploymentPostprocessing = 0;
		};
/* End PBXFrameworksBuildPhase section */

/* Begin PBXGroup section */
		0D26DB9D1DC1A62900F20CB2 /* UserActivityExt */ = {
			isa = PBXGroup;
			children = (
				0D26DB9E1DC1A62900F20CB2 /* NSObject+DLIntrospection.h */,
				0D26DB9F1DC1A62900F20CB2 /* NSObject+DLIntrospection.m */,
				0D26DBA01DC1A62900F20CB2 /* NSURL+XWStartCallConvertible.h */,
				0D26DBA11DC1A62900F20CB2 /* NSURL+XWStartCallConvertible.m */,
				0D26DBA21DC1A62900F20CB2 /* NSUserActivity+XWExt.h */,
				0D26DBA31DC1A62900F20CB2 /* NSUserActivity+XWExt.m */,
			);
			path = UserActivityExt;
			sourceTree = "<group>";
		};
		0DC611CE1DA6959F00972DF4 = {
			isa = PBXGroup;
			children = (
				0DC611D91DA6959F00972DF4 /* XWCallKitDemo */,
				0DC611F31DA6959F00972DF4 /* XWCallKitDemoTests */,
				0DC611FE1DA6959F00972DF4 /* XWCallKitDemoUITests */,
				0DC611D81DA6959F00972DF4 /* Products */,
			);
			sourceTree = "<group>";
		};
		0DC611D81DA6959F00972DF4 /* Products */ = {
			isa = PBXGroup;
			children = (
				0DC611D71DA6959F00972DF4 /* XWCallKitDemo.app */,
				0DC611F01DA6959F00972DF4 /* XWCallKitDemoTests.xctest */,
				0DC611FB1DA6959F00972DF4 /* XWCallKitDemoUITests.xctest */,
			);
			name = Products;
			sourceTree = "<group>";
		};
		0DC611D91DA6959F00972DF4 /* XWCallKitDemo */ = {
			isa = PBXGroup;
			children = (
				0D441FC01DA7868F00F80421 /* logo.png */,
				0DC611DD1DA6959F00972DF4 /* AppDelegate.h */,
				0DC611DE1DA6959F00972DF4 /* AppDelegate.m */,
				0DC612101DA69F4200972DF4 /* XWCallKitCenter.h */,
				0DC612111DA69F4200972DF4 /* XWCallKitCenter.m */,
				0DC611E01DA6959F00972DF4 /* ViewController.h */,
				0DC611E11DA6959F00972DF4 /* ViewController.m */,
				0D26DB9D1DC1A62900F20CB2 /* UserActivityExt */,
				0DC612131DA6A48C00972DF4 /* Audio */,
				0DC611E31DA6959F00972DF4 /* Main.storyboard */,
				0DC611E61DA6959F00972DF4 /* Assets.xcassets */,
				0DC611E81DA6959F00972DF4 /* LaunchScreen.storyboard */,
				0DC611EB1DA6959F00972DF4 /* Info.plist */,
				0DC611DA1DA6959F00972DF4 /* Supporting Files */,
			);
			path = XWCallKitDemo;
			sourceTree = "<group>";
		};
		0DC611DA1DA6959F00972DF4 /* Supporting Files */ = {
			isa = PBXGroup;
			children = (
				0DC611DB1DA6959F00972DF4 /* main.m */,
			);
			name = "Supporting Files";
			sourceTree = "<group>";
		};
		0DC611F31DA6959F00972DF4 /* XWCallKitDemoTests */ = {
			isa = PBXGroup;
			children = (
				0DC611F41DA6959F00972DF4 /* XWCallKitDemoTests.m */,
				0DC611F61DA6959F00972DF4 /* Info.plist */,
			);
			path = XWCallKitDemoTests;
			sourceTree = "<group>";
		};
		0DC611FE1DA6959F00972DF4 /* XWCallKitDemoUITests */ = {
			isa = PBXGroup;
			children = (
				0DC611FF1DA6959F00972DF4 /* XWCallKitDemoUITests.m */,
				0DC612011DA6959F00972DF4 /* Info.plist */,
			);
			path = XWCallKitDemoUITests;
			sourceTree = "<group>";
		};
		0DC612131DA6A48C00972DF4 /* Audio */ = {
			isa = PBXGroup;
			children = (
				0DC612141DA6A48C00972DF4 /* AudioController.h */,
				0DC612151DA6A48C00972DF4 /* AudioController.mm */,
				0DC612161DA6A48C00972DF4 /* CADebugMacros.cpp */,
				0DC612171DA6A48C00972DF4 /* CADebugMacros.h */,
				0DC612181DA6A48C00972DF4 /* CallAudio.h */,
				0DC612191DA6A48C00972DF4 /* CallAudio.m */,
				0DC6121A1DA6A48C00972DF4 /* CAMath.h */,
				0DC6121B1DA6A48C00972DF4 /* CAStreamBasicDescription.cpp */,
				0DC6121C1DA6A48C00972DF4 /* CAStreamBasicDescription.h */,
				0DC6121D1DA6A48C00972DF4 /* CAXException.cpp */,
				0DC6121E1DA6A48C00972DF4 /* CAXException.h */,
			);
			path = Audio;
			sourceTree = "<group>";
		};
/* End PBXGroup section */

/* Begin PBXNativeTarget section */
		0DC611D61DA6959F00972DF4 /* XWCallKitDemo */ = {
			isa = PBXNativeTarget;
			buildConfigurationList = 0DC612041DA6959F00972DF4 /* Build configuration list for PBXNativeTarget "XWCallKitDemo" */;
			buildPhases = (
				0DC611D31DA6959F00972DF4 /* Sources */,
				0DC611D41DA6959F00972DF4 /* Frameworks */,
				0DC611D51DA6959F00972DF4 /* Resources */,
			);
			buildRules = (
			);
			dependencies = (
			);
			name = XWCallKitDemo;
			productName = XWCallKitDemo;
			productReference = 0DC611D71DA6959F00972DF4 /* XWCallKitDemo.app */;
			productType = "com.apple.product-type.application";
		};
		0DC611EF1DA6959F00972DF4 /* XWCallKitDemoTests */ = {
			isa = PBXNativeTarget;
			buildConfigurationList = 0DC612071DA6959F00972DF4 /* Build configuration list for PBXNativeTarget "XWCallKitDemoTests" */;
			buildPhases = (
				0DC611EC1DA6959F00972DF4 /* Sources */,
				0DC611ED1DA6959F00972DF4 /* Frameworks */,
				0DC611EE1DA6959F00972DF4 /* Resources */,
			);
			buildRules = (
			);
			dependencies = (
				0DC611F21DA6959F00972DF4 /* PBXTargetDependency */,
			);
			name = XWCallKitDemoTests;
			productName = XWCallKitDemoTests;
			productReference = 0DC611F01DA6959F00972DF4 /* XWCallKitDemoTests.xctest */;
			productType = "com.apple.product-type.bundle.unit-test";
		};
		0DC611FA1DA6959F00972DF4 /* XWCallKitDemoUITests */ = {
			isa = PBXNativeTarget;
			buildConfigurationList = 0DC6120A1DA6959F00972DF4 /* Build configuration list for PBXNativeTarget "XWCallKitDemoUITests" */;
			buildPhases = (
				0DC611F71DA6959F00972DF4 /* Sources */,
				0DC611F81DA6959F00972DF4 /* Frameworks */,
				0DC611F91DA6959F00972DF4 /* Resources */,
			);
			buildRules = (
			);
			dependencies = (
				0DC611FD1DA6959F00972DF4 /* PBXTargetDependency */,
			);
			name = XWCallKitDemoUITests;
			productName = XWCallKitDemoUITests;
			productReference = 0DC611FB1DA6959F00972DF4 /* XWCallKitDemoUITests.xctest */;
			productType = "com.apple.product-type.bundle.ui-testing";
		};
/* End PBXNativeTarget section */

/* Begin PBXProject section */
		0DC611CF1DA6959F00972DF4 /* Project object */ = {
			isa = PBXProject;
			attributes = {
				LastUpgradeCheck = 0800;
				ORGANIZATIONNAME = viviwu;
				TargetAttributes = {
					0DC611D61DA6959F00972DF4 = {
						CreatedOnToolsVersion = 8.0;
						DevelopmentTeam = 3WV7R4EVUN;
						ProvisioningStyle = Automatic;
						SystemCapabilities = {
							com.apple.BackgroundModes = {
								enabled = 1;
							};
						};
					};
					0DC611EF1DA6959F00972DF4 = {
						CreatedOnToolsVersion = 8.0;
						DevelopmentTeam = 3WV7R4EVUN;
						ProvisioningStyle = Automatic;
						TestTargetID = 0DC611D61DA6959F00972DF4;
					};
					0DC611FA1DA6959F00972DF4 = {
						CreatedOnToolsVersion = 8.0;
						DevelopmentTeam = 3WV7R4EVUN;
						ProvisioningStyle = Automatic;
						TestTargetID = 0DC611D61DA6959F00972DF4;
					};
				};
			};
			buildConfigurationList = 0DC611D21DA6959F00972DF4 /* Build configuration list for PBXProject "XWCallKitDemo" */;
			compatibilityVersion = "Xcode 3.2";
			developmentRegion = English;
			hasScannedForEncodings = 0;
			knownRegions = (
				en,
				Base,
			);
			mainGroup = 0DC611CE1DA6959F00972DF4;
			productRefGroup = 0DC611D81DA6959F00972DF4 /* Products */;
			projectDirPath = "";
			projectRoot = "";
			targets = (
				0DC611D61DA6959F00972DF4 /* XWCallKitDemo */,
				0DC611EF1DA6959F00972DF4 /* XWCallKitDemoTests */,
				0DC611FA1DA6959F00972DF4 /* XWCallKitDemoUITests */,
			);
		};
/* End PBXProject section */

/* Begin PBXResourcesBuildPhase section */
		0DC611D51DA6959F00972DF4 /* Resources */ = {
			isa = PBXResourcesBuildPhase;
			buildActionMask = 2147483647;
			files = (
				0D441FC11DA7868F00F80421 /* logo.png in Resources */,
				0DC611EA1DA6959F00972DF4 /* LaunchScreen.storyboard in Resources */,
				0DC611E71DA6959F00972DF4 /* Assets.xcassets in Resources */,
				0DC611E51DA6959F00972DF4 /* Main.storyboard in Resources */,
			);
			runOnlyForDeploymentPostprocessing = 0;
		};
		0DC611EE1DA6959F00972DF4 /* Resources */ = {
			isa = PBXResourcesBuildPhase;
			buildActionMask = 2147483647;
			files = (
			);
			runOnlyForDeploymentPostprocessing = 0;
		};
		0DC611F91DA6959F00972DF4 /* Resources */ = {
			isa = PBXResourcesBuildPhase;
			buildActionMask = 2147483647;
			files = (
			);
			runOnlyForDeploymentPostprocessing = 0;
		};
/* End PBXResourcesBuildPhase section */

/* Begin PBXSourcesBuildPhase section */
		0DC611D31DA6959F00972DF4 /* Sources */ = {
			isa = PBXSourcesBuildPhase;
			buildActionMask = 2147483647;
			files = (
				0DC612231DA6A48C00972DF4 /* CAXException.cpp in Sources */,
				0DC611E21DA6959F00972DF4 /* ViewController.m in Sources */,
				0DC612211DA6A48C00972DF4 /* CallAudio.m in Sources */,
				0DC612121DA69F4200972DF4 /* XWCallKitCenter.m in Sources */,
				0DC612221DA6A48C00972DF4 /* CAStreamBasicDescription.cpp in Sources */,
				0D26DBA51DC1A62900F20CB2 /* NSURL+XWStartCallConvertible.m in Sources */,
				0DC611DF1DA6959F00972DF4 /* AppDelegate.m in Sources */,
				0DC611DC1DA6959F00972DF4 /* main.m in Sources */,
				0DC612201DA6A48C00972DF4 /* CADebugMacros.cpp in Sources */,
				0D26DBA61DC1A62900F20CB2 /* NSUserActivity+XWExt.m in Sources */,
				0DC6121F1DA6A48C00972DF4 /* AudioController.mm in Sources */,
				0D26DBA41DC1A62900F20CB2 /* NSObject+DLIntrospection.m in Sources */,
			);
			runOnlyForDeploymentPostprocessing = 0;
		};
		0DC611EC1DA6959F00972DF4 /* Sources */ = {
			isa = PBXSourcesBuildPhase;
			buildActionMask = 2147483647;
			files = (
				0DC611F51DA6959F00972DF4 /* XWCallKitDemoTests.m in Sources */,
			);
			runOnlyForDeploymentPostprocessing = 0;
		};
		0DC611F71DA6959F00972DF4 /* Sources */ = {
			isa = PBXSourcesBuildPhase;
			buildActionMask = 2147483647;
			files = (
				0DC612001DA6959F00972DF4 /* XWCallKitDemoUITests.m in Sources */,
			);
			runOnlyForDeploymentPostprocessing = 0;
		};
/* End PBXSourcesBuildPhase section */

/* Begin PBXTargetDependency section */
		0DC611F21DA6959F00972DF4 /* PBXTargetDependency */ = {
			isa = PBXTargetDependency;
			target = 0DC611D61DA6959F00972DF4 /* XWCallKitDemo */;
			targetProxy = 0DC611F11DA6959F00972DF4 /* PBXContainerItemProxy */;
		};
		0DC611FD1DA6959F00972DF4 /* PBXTargetDependency */ = {
			isa = PBXTargetDependency;
			target = 0DC611D61DA6959F00972DF4 /* XWCallKitDemo */;
			targetProxy = 0DC611FC1DA6959F00972DF4 /* PBXContainerItemProxy */;
		};
/* End PBXTargetDependency section */

/* Begin PBXVariantGroup section */
		0DC611E31DA6959F00972DF4 /* Main.storyboard */ = {
			isa = PBXVariantGroup;
			children = (
				0DC611E41DA6959F00972DF4 /* Base */,
			);
			name = Main.storyboard;
			sourceTree = "<group>";
		};
		0DC611E81DA6959F00972DF4 /* LaunchScreen.storyboard */ = {
			isa = PBXVariantGroup;
			children = (
				0DC611E91DA6959F00972DF4 /* Base */,
			);
			name = LaunchScreen.storyboard;
			sourceTree = "<group>";
		};
/* End PBXVariantGroup section */

/* Begin XCBuildConfiguration section */
		0DC612021DA6959F00972DF4 /* Debug */ = {
			isa = XCBuildConfiguration;
			buildSettings = {
				ALWAYS_SEARCH_USER_PATHS = NO;
				CLANG_ANALYZER_NONNULL = YES;
				CLANG_CXX_LANGUAGE_STANDARD = "gnu++0x";
				CLANG_CXX_LIBRARY = "libc++";
				CLANG_ENABLE_MODULES = YES;
				CLANG_ENABLE_OBJC_ARC = YES;
				CLANG_WARN_BOOL_CONVERSION = YES;
				CLANG_WARN_CONSTANT_CONVERSION = YES;
				CLANG_WARN_DIRECT_OBJC_ISA_USAGE = YES_ERROR;
				CLANG_WARN_DOCUMENTATION_COMMENTS = YES;
				CLANG_WARN_EMPTY_BODY = YES;
				CLANG_WARN_ENUM_CONVERSION = YES;
				CLANG_WARN_INFINITE_RECURSION = YES;
				CLANG_WARN_INT_CONVERSION = YES;
				CLANG_WARN_OBJC_ROOT_CLASS = YES_ERROR;
				CLANG_WARN_SUSPICIOUS_MOVES = YES;
				CLANG_WARN_UNREACHABLE_CODE = YES;
				CLANG_WARN__DUPLICATE_METHOD_MATCH = YES;
				"CODE_SIGN_IDENTITY[sdk=iphoneos*]" = "iPhone Developer";
				COPY_PHASE_STRIP = NO;
				DEBUG_INFORMATION_FORMAT = dwarf;
				ENABLE_STRICT_OBJC_MSGSEND = YES;
				ENABLE_TESTABILITY = YES;
				GCC_C_LANGUAGE_STANDARD = gnu99;
				GCC_DYNAMIC_NO_PIC = NO;
				GCC_NO_COMMON_BLOCKS = YES;
				GCC_OPTIMIZATION_LEVEL = 0;
				GCC_PREPROCESSOR_DEFINITIONS = (
					"DEBUG=1",
					"$(inherited)",
				);
				GCC_WARN_64_TO_32_BIT_CONVERSION = YES;
				GCC_WARN_ABOUT_RETURN_TYPE = YES_ERROR;
				GCC_WARN_UNDECLARED_SELECTOR = YES;
				GCC_WARN_UNINITIALIZED_AUTOS = YES_AGGRESSIVE;
				GCC_WARN_UNUSED_FUNCTION = YES;
				GCC_WARN_UNUSED_VARIABLE = YES;
				IPHONEOS_DEPLOYMENT_TARGET = 10.0;
				MTL_ENABLE_DEBUG_INFO = YES;
				ONLY_ACTIVE_ARCH = YES;
				SDKROOT = iphoneos;
			};
			name = Debug;
		};
		0DC612031DA6959F00972DF4 /* Release */ = {
			isa = XCBuildConfiguration;
			buildSettings = {
				ALWAYS_SEARCH_USER_PATHS = NO;
				CLANG_ANALYZER_NONNULL = YES;
				CLANG_CXX_LANGUAGE_STANDARD = "gnu++0x";
				CLANG_CXX_LIBRARY = "libc++";
				CLANG_ENABLE_MODULES = YES;
				CLANG_ENABLE_OBJC_ARC = YES;
				CLANG_WARN_BOOL_CONVERSION = YES;
				CLANG_WARN_CONSTANT_CONVERSION = YES;
				CLANG_WARN_DIRECT_OBJC_ISA_USAGE = YES_ERROR;
				CLANG_WARN_DOCUMENTATION_COMMENTS = YES;
				CLANG_WARN_EMPTY_BODY = YES;
				CLANG_WARN_ENUM_CONVERSION = YES;
				CLANG_WARN_INFINITE_RECURSION = YES;
				CLANG_WARN_INT_CONVERSION = YES;
				CLANG_WARN_OBJC_ROOT_CLASS = YES_ERROR;
				CLANG_WARN_SUSPICIOUS_MOVES = YES;
				CLANG_WARN_UNREACHABLE_CODE = YES;
				CLANG_WARN__DUPLICATE_METHOD_MATCH = YES;
				"CODE_SIGN_IDENTITY[sdk=iphoneos*]" = "iPhone Developer";
				COPY_PHASE_STRIP = NO;
				DEBUG_INFORMATION_FORMAT = "dwarf-with-dsym";
				ENABLE_NS_ASSERTIONS = NO;
				ENABLE_STRICT_OBJC_MSGSEND = YES;
				GCC_C_LANGUAGE_STANDARD = gnu99;
				GCC_NO_COMMON_BLOCKS = YES;
				GCC_WARN_64_TO_32_BIT_CONVERSION = YES;
				GCC_WARN_ABOUT_RETURN_TYPE = YES_ERROR;
				GCC_WARN_UNDECLARED_SELECTOR = YES;
				GCC_WARN_UNINITIALIZED_AUTOS = YES_AGGRESSIVE;
				GCC_WARN_UNUSED_FUNCTION = YES;
				GCC_WARN_UNUSED_VARIABLE = YES;
				IPHONEOS_DEPLOYMENT_TARGET = 10.0;
				MTL_ENABLE_DEBUG_INFO = NO;
				SDKROOT = iphoneos;
				VALIDATE_PRODUCT = YES;
			};
			name = Release;
		};
		0DC612051DA6959F00972DF4 /* Debug */ = {
			isa = XCBuildConfiguration;
			buildSettings = {
				ASSETCATALOG_COMPILER_APPICON_NAME = AppIcon;
				DEVELOPMENT_TEAM = 3WV7R4EVUN;
				GCC_C_LANGUAGE_STANDARD = gnu99;
				INFOPLIST_FILE = XWCallKitDemo/Info.plist;
				LD_RUNPATH_SEARCH_PATHS = "$(inherited) @executable_path/Frameworks";
				PRODUCT_BUNDLE_IDENTIFIER = WU.XWCallKitDemo;
				PRODUCT_NAME = "$(TARGET_NAME)";
			};
			name = Debug;
		};
		0DC612061DA6959F00972DF4 /* Release */ = {
			isa = XCBuildConfiguration;
			buildSettings = {
				ASSETCATALOG_COMPILER_APPICON_NAME = AppIcon;
				DEVELOPMENT_TEAM = 3WV7R4EVUN;
				GCC_C_LANGUAGE_STANDARD = gnu99;
				INFOPLIST_FILE = XWCallKitDemo/Info.plist;
				LD_RUNPATH_SEARCH_PATHS = "$(inherited) @executable_path/Frameworks";
				PRODUCT_BUNDLE_IDENTIFIER = WU.XWCallKitDemo;
				PRODUCT_NAME = "$(TARGET_NAME)";
			};
			name = Release;
		};
		0DC612081DA6959F00972DF4 /* Debug */ = {
			isa = XCBuildConfiguration;
			buildSettings = {
				BUNDLE_LOADER = "$(TEST_HOST)";
				DEVELOPMENT_TEAM = 3WV7R4EVUN;
				INFOPLIST_FILE = XWCallKitDemoTests/Info.plist;
				LD_RUNPATH_SEARCH_PATHS = "$(inherited) @executable_path/Frameworks @loader_path/Frameworks";
				PRODUCT_BUNDLE_IDENTIFIER = WU.XWCallKitDemoTests;
				PRODUCT_NAME = "$(TARGET_NAME)";
				TEST_HOST = "$(BUILT_PRODUCTS_DIR)/XWCallKitDemo.app/XWCallKitDemo";
			};
			name = Debug;
		};
		0DC612091DA6959F00972DF4 /* Release */ = {
			isa = XCBuildConfiguration;
			buildSettings = {
				BUNDLE_LOADER = "$(TEST_HOST)";
				DEVELOPMENT_TEAM = 3WV7R4EVUN;
				INFOPLIST_FILE = XWCallKitDemoTests/Info.plist;
				LD_RUNPATH_SEARCH_PATHS = "$(inherited) @executable_path/Frameworks @loader_path/Frameworks";
				PRODUCT_BUNDLE_IDENTIFIER = WU.XWCallKitDemoTests;
				PRODUCT_NAME = "$(TARGET_NAME)";
				TEST_HOST = "$(BUILT_PRODUCTS_DIR)/XWCallKitDemo.app/XWCallKitDemo";
			};
			name = Release;
		};
		0DC6120B1DA6959F00972DF4 /* Debug */ = {
			isa = XCBuildConfiguration;
			buildSettings = {
				DEVELOPMENT_TEAM = 3WV7R4EVUN;
				INFOPLIST_FILE = XWCallKitDemoUITests/Info.plist;
				LD_RUNPATH_SEARCH_PATHS = "$(inherited) @executable_path/Frameworks @loader_path/Frameworks";
				PRODUCT_BUNDLE_IDENTIFIER = WU.XWCallKitDemoUITests;
				PRODUCT_NAME = "$(TARGET_NAME)";
				TEST_TARGET_NAME = XWCallKitDemo;
			};
			name = Debug;
		};
		0DC6120C1DA6959F00972DF4 /* Release */ = {
			isa = XCBuildConfiguration;
			buildSettings = {
				DEVELOPMENT_TEAM = 3WV7R4EVUN;
				INFOPLIST_FILE = XWCallKitDemoUITests/Info.plist;
				LD_RUNPATH_SEARCH_PATHS = "$(inherited) @executable_path/Frameworks @loader_path/Frameworks";
				PRODUCT_BUNDLE_IDENTIFIER = WU.XWCallKitDemoUITests;
				PRODUCT_NAME = "$(TARGET_NAME)";
				TEST_TARGET_NAME = XWCallKitDemo;
			};
			name = Release;
		};
/* End XCBuildConfiguration section */

/* Begin XCConfigurationList section */
		0DC611D21DA6959F00972DF4 /* Build configuration list for PBXProject "XWCallKitDemo" */ = {
			isa = XCConfigurationList;
			buildConfigurations = (
				0DC612021DA6959F00972DF4 /* Debug */,
				0DC612031DA6959F00972DF4 /* Release */,
			);
			defaultConfigurationIsVisible = 0;
			defaultConfigurationName = Release;
		};
		0DC612041DA6959F00972DF4 /* Build configuration list for PBXNativeTarget "XWCallKitDemo" */ = {
			isa = XCConfigurationList;
			buildConfigurations = (
				0DC612051DA6959F00972DF4 /* Debug */,
				0DC612061DA6959F00972DF4 /* Release */,
			);
			defaultConfigurationIsVisible = 0;
			defaultConfigurationName = Release;
		};
		0DC612071DA6959F00972DF4 /* Build configuration list for PBXNativeTarget "XWCallKitDemoTests" */ = {
			isa = XCConfigurationList;
			buildConfigurations = (
				0DC612081DA6959F00972DF4 /* Debug */,
				0DC612091DA6959F00972DF4 /* Release */,
			);
			defaultConfigurationIsVisible = 0;
			defaultConfigurationName = Release;
		};
		0DC6120A1DA6959F00972DF4 /* Build configuration list for PBXNativeTarget "XWCallKitDemoUITests" */ = {
			isa = XCConfigurationList;
			buildConfigurations = (
				0DC6120B1DA6959F00972DF4 /* Debug */,
				0DC6120C1DA6959F00972DF4 /* Release */,
			);
			defaultConfigurationIsVisible = 0;
			defaultConfigurationName = Release;
		};
/* End XCConfigurationList section */
	};
	rootObject = 0DC611CF1DA6959F00972DF4 /* Project object */;
}
